<Solution>
  <Folder Name="/src/collector/">
    <Project Path="src/collector/CollectorHost/CollectorHost.csproj" />
    <Project Path="src/collector/CollectorSafety/CollectorSafety.csproj" />
  </Folder>
  <Folder Name="/src/" />
  <Folder Name="/src/server/" />
  <Folder Name="/src/server/hosts/">
    <Project Path="src/server/hosts/AzureDevelopmentBootstrap/AzureDevelopmentBootstrap.csproj" />
    <Project Path="src/server/hosts/LocalConsultantDemo/LocalConsultantDemo.csproj" />
  </Folder>
  <Folder Name="/src/server/modules/">
    <Project Path="src/server/modules/SyntheticSourceFence/SyntheticSourceFence.csproj" />
    <Project Path="src/server/modules/SyntheticFixReview/SyntheticFixReview.csproj" />
    <Project Path="src/server/modules/SyntheticFixPackages/SyntheticFixPackages.csproj" />
    <Project Path="src/server/modules/AssessmentMaturity/AssessmentMaturity.csproj" />
    <Project Path="src/server/modules/RecommendationGuidance/RecommendationGuidance.csproj" />
    <Project Path="src/server/modules/SyntheticAiValidation/SyntheticAiValidation.csproj" />
    <Project Path="src/server/modules/SyntheticAiPreview/SyntheticAiPreview.csproj" />
    <Project Path="src/server/modules/ReportDrafts/ReportDrafts.csproj" />
    <Project Path="src/server/modules/FindingReview/FindingReview.csproj" />
    <Project Path="src/server/modules/DeterministicAnalysis/DeterministicAnalysis.csproj" />
    <Project Path="src/server/modules/AssessmentScoring/AssessmentScoring.csproj" />
    <Project Path="src/server/modules/AssessmentRuns/AssessmentRuns.csproj" />
    <Project Path="src/server/modules/AssessmentCoverage/AssessmentCoverage.csproj" />
    <Project Path="src/server/modules/AssessmentOrchestration/AssessmentOrchestration.csproj" />
    <Project Path="src/server/modules/EvidenceGovernance/EvidenceGovernance.csproj" />
  </Folder>
  <Folder Name="/tests/" />
  <Folder Name="/tests/architecture/">
    <Project Path="tests/architecture/BoundaryChecks/BoundaryChecks.csproj" />
  </Folder>
  <Folder Name="/tests/infrastructure/">
    <Project Path="tests/infrastructure/EvidenceStorePolicy/EvidenceStorePolicy.csproj" />
    <Project Path="tests/infrastructure/NetworkEgressPolicy/NetworkEgressPolicy.csproj" />
    <Project Path="tests/infrastructure/ServiceBusPolicy/ServiceBusPolicy.csproj" />
  </Folder>
  <Folder Name="/tests/integration/">
    <Project Path="tests/integration/LocalArtifactReview.Tests/LocalArtifactReview.Tests.csproj" />
    <Project Path="tests/integration/LocalFixPackages.Tests/LocalFixPackages.Tests.csproj" />
    <Project Path="tests/integration/SyntheticFixPackages.Tests/SyntheticFixPackages.Tests.csproj" />
    <Project Path="tests/integration/LocalAiPreview.Tests/LocalAiPreview.Tests.csproj" />
    <Project Path="tests/integration/RecommendationGuidance.Tests/RecommendationGuidance.Tests.csproj" />
    <Project Path="tests/integration/SyntheticAiValidation.Tests/SyntheticAiValidation.Tests.csproj" />
    <Project Path="tests/integration/SyntheticAiPreview.Tests/SyntheticAiPreview.Tests.csproj" />
    <Project Path="tests/integration/ReportDrafts.Tests/ReportDrafts.Tests.csproj" />
    <Project Path="tests/integration/ReviewMaturity.Tests/ReviewMaturity.Tests.csproj" />
    <Project Path="tests/integration/AnalysisScoring.Tests/AnalysisScoring.Tests.csproj" />
    <Project Path="tests/integration/DurableAssessment.Tests/DurableAssessment.Tests.csproj" />
    <Project Path="tests/integration/SyntheticPilotFlow.Tests/SyntheticPilotFlow.Tests.csproj" />
  </Folder>
  <Folder Name="/tests/unit/">
    <Project Path="tests/unit/SyntheticFixReview.Tests/SyntheticFixReview.Tests.csproj" />
    <Project Path="tests/unit/ArtifactReviewComponent.Tests/ArtifactReviewComponent.Tests.csproj" />
    <Project Path="tests/unit/LocalFixPackages.Tests/LocalFixPackages.Tests.csproj" />
    <Project Path="tests/unit/SyntheticFixPackageHtml.Tests/SyntheticFixPackageHtml.Tests.csproj" />
    <Project Path="tests/unit/SyntheticFixPackages.Tests/SyntheticFixPackages.Tests.csproj" />
    <Project Path="tests/unit/LocalAiPreview.Tests/LocalAiPreview.Tests.csproj" />
    <Project Path="tests/unit/RecommendationGuidance.Tests/RecommendationGuidance.Tests.csproj" />
    <Project Path="tests/unit/SyntheticAiPackets.Tests/SyntheticAiPackets.Tests.csproj" />
    <Project Path="tests/unit/SyntheticAiProposals.Tests/SyntheticAiProposals.Tests.csproj" />
    <Project Path="tests/unit/SyntheticAiPreview.Tests/SyntheticAiPreview.Tests.csproj" />
    <Project Path="tests/unit/SyntheticAiPreviewHtml.Tests/SyntheticAiPreviewHtml.Tests.csproj" />
    <Project Path="tests/unit/ReportDrafts.Tests/ReportDrafts.Tests.csproj" />
    <Project Path="tests/unit/ReportMarkdown.Tests/ReportMarkdown.Tests.csproj" />
    <Project Path="tests/unit/AssessmentMaturity.Tests/AssessmentMaturity.Tests.csproj" />
    <Project Path="tests/unit/FindingReview.Tests/FindingReview.Tests.csproj" />
    <Project Path="tests/unit/AssessmentScoring.Tests/AssessmentScoring.Tests.csproj" />
    <Project Path="tests/unit/DeterministicAnalysis.Tests/DeterministicAnalysis.Tests.csproj" />
    <Project Path="tests/unit/AssessmentRuns.Tests/AssessmentRuns.Tests.csproj" />
    <Project Path="tests/unit/CollectorHost.Tests/CollectorHost.Tests.csproj" />
    <Project Path="tests/unit/AssessmentCoverage.Tests/AssessmentCoverage.Tests.csproj" />
    <Project Path="tests/unit/AssessmentOrchestration.Tests/AssessmentOrchestration.Tests.csproj" />
    <Project Path="tests/unit/CollectorSafety.Tests/CollectorSafety.Tests.csproj" />
    <Project Path="tests/unit/EvidenceGovernance.Tests/EvidenceGovernance.Tests.csproj" />
  </Folder>
  <Project Path="src/server/modules/SyntheticPlanningTasks/SyntheticPlanningTasks.csproj" />
  <Project Path="tests/unit/SyntheticPlanningTasks.Tests/SyntheticPlanningTasks.Tests.csproj" />
  <Project Path="tests/integration/LocalPlanningTasks.Tests/LocalPlanningTasks.Tests.csproj" />
  <Project Path="tests/unit/PlanningTasksComponent.Tests/PlanningTasksComponent.Tests.csproj" />
</Solution>
