{
  "version": 1,
  "dependencies": {
    "net10.0": {
      "Microsoft.SqlServer.TransactSql.ScriptDom": {
        "type": "Direct",
        "requested": "[180.107.0, 180.107.0]",
        "resolved": "180.107.0",
        "contentHash": "81MHhvTJW/pNzYh5WhM8QgV4YhlwY3Vmm6sQUiE88IaJzrzqJbIb38JPdjqn54I83/goE1A1ArzEw5hAmc6/pQ=="
      }
    },
    "net10.0/win-x64": {}
  }
}